
Microsoft Visual Studio Solution File, Format Version 12.00
# Visual Studio Version 16
VisualStudioVersion = 16.0.28803.202
MinimumVisualStudioVersion = 10.0.40219.1
Project("{FAE04EC0-301F-11D3-BF4B-00C04F79EFBC}") = "MemoryCacheNetFull.Lib", "MemoryCacheNetFull.Lib\MemoryCacheNetFull.Lib.csproj", "{A2179CC8-485F-4E13-A09A-2A73A36BF5AB}"
EndProject
Project("{FAE04EC0-301F-11D3-BF4B-00C04F79EFBC}") = "MemoryCacheNetFull.Lib.Tests", "MemoryCacheNetFull.Lib.Tests\MemoryCacheNetFull.Lib.Tests.csproj", "{7E5541B6-86B5-40D1-B33C-711261FFB9AD}"
EndProject
Global
	GlobalSection(SolutionConfigurationPlatforms) = preSolution
		Debug|Any CPU = Debug|Any CPU
		Release|Any CPU = Release|Any CPU
	EndGlobalSection
	GlobalSection(ProjectConfigurationPlatforms) = postSolution
		{A2179CC8-485F-4E13-A09A-2A73A36BF5AB}.Debug|Any CPU.ActiveCfg = Debug|Any CPU
		{A2179CC8-485F-4E13-A09A-2A73A36BF5AB}.Debug|Any CPU.Build.0 = Debug|Any CPU
		{A2179CC8-485F-4E13-A09A-2A73A36BF5AB}.Release|Any CPU.ActiveCfg = Release|Any CPU
		{A2179CC8-485F-4E13-A09A-2A73A36BF5AB}.Release|Any CPU.Build.0 = Release|Any CPU
		{7E5541B6-86B5-40D1-B33C-711261FFB9AD}.Debug|Any CPU.ActiveCfg = Debug|Any CPU
		{7E5541B6-86B5-40D1-B33C-711261FFB9AD}.Debug|Any CPU.Build.0 = Debug|Any CPU
		{7E5541B6-86B5-40D1-B33C-711261FFB9AD}.Release|Any CPU.ActiveCfg = Release|Any CPU
		{7E5541B6-86B5-40D1-B33C-711261FFB9AD}.Release|Any CPU.Build.0 = Release|Any CPU
	EndGlobalSection
	GlobalSection(SolutionProperties) = preSolution
		HideSolutionNode = FALSE
	EndGlobalSection
	GlobalSection(ExtensibilityGlobals) = postSolution
		SolutionGuid = {3E0954D4-7CD8-4AA1-A8B2-E2847CCB68A4}
	EndGlobalSection
EndGlobal
